
Microsoft Visual Studio Solution File, Format Version 12.00
# Visual Studio Version 17
VisualStudioVersion = 17.6.33723.286
MinimumVisualStudioVersion = 10.0.40219.1
Project("{FAE04EC0-301F-11D3-BF4B-00C04F79EFBC}") = "Egyptians's drobs", "Egyptians's drobs\Egyptians's drobs.csproj", "{2E2BBDBC-0FBC-47B8-8391-B1AE53CAD59F}"
EndProject
Global
	GlobalSection(SolutionConfigurationPlatforms) = preSolution
		Debug|Any CPU = Debug|Any CPU
		Release|Any CPU = Release|Any CPU
	EndGlobalSection
	GlobalSection(ProjectConfigurationPlatforms) = postSolution
		{2E2BBDBC-0FBC-47B8-8391-B1AE53CAD59F}.Debug|Any CPU.ActiveCfg = Debug|Any CPU
		{2E2BBDBC-0FBC-47B8-8391-B1AE53CAD59F}.Debug|Any CPU.Build.0 = Debug|Any CPU
		{2E2BBDBC-0FBC-47B8-8391-B1AE53CAD59F}.Release|Any CPU.ActiveCfg = Release|Any CPU
		{2E2BBDBC-0FBC-47B8-8391-B1AE53CAD59F}.Release|Any CPU.Build.0 = Release|Any CPU
	EndGlobalSection
	GlobalSection(SolutionProperties) = preSolution
		HideSolutionNode = FALSE
	EndGlobalSection
	GlobalSection(ExtensibilityGlobals) = postSolution
		SolutionGuid = {69496188-5CB4-40D5-A54D-E3AADB2E12A0}
	EndGlobalSection
EndGlobal
